
Microsoft Visual Studio Solution File, Format Version 12.00
# Visual Studio Version 16
VisualStudioVersion = 16.0.29519.87
MinimumVisualStudioVersion = 10.0.40219.1
Project("{FAE04EC0-301F-11D3-BF4B-00C04F79EFBC}") = "ms-api-drive", "ms-api-drive.csproj", "{AC8E65F6-6270-473B-A10D-249838D74CC4}"
EndProject
Global
	GlobalSection(SolutionConfigurationPlatforms) = preSolution
		Debug|Any CPU = Debug|Any CPU
		Release|Any CPU = Release|Any CPU
	EndGlobalSection
	GlobalSection(ProjectConfigurationPlatforms) = postSolution
		{AC8E65F6-6270-473B-A10D-249838D74CC4}.Debug|Any CPU.ActiveCfg = Debug|Any CPU
		{AC8E65F6-6270-473B-A10D-249838D74CC4}.Debug|Any CPU.Build.0 = Debug|Any CPU
		{AC8E65F6-6270-473B-A10D-249838D74CC4}.Release|Any CPU.ActiveCfg = Release|Any CPU
		{AC8E65F6-6270-473B-A10D-249838D74CC4}.Release|Any CPU.Build.0 = Release|Any CPU
	EndGlobalSection
	GlobalSection(SolutionProperties) = preSolution
		HideSolutionNode = FALSE
	EndGlobalSection
	GlobalSection(ExtensibilityGlobals) = postSolution
		SolutionGuid = {C08D3EB6-EE35-416E-BB6A-1DB85A0D6395}
	EndGlobalSection
EndGlobal
